// !$*UTF8*$!
{
	archiveVersion = 1;
	classes = {
	};
	objectVersion = 56;
	objects = {

/* Begin PBXBuildFile section */
		A095BE9D2C6B963B00F6FE84 /* todo2AppApp.swift in Sources */ = {isa = PBXBuildFile; fileRef = A095BE9C2C6B963B00F6FE84 /* todo2AppApp.swift */; };
		A095BE9F2C6B963B00F6FE84 /* ContentView.swift in Sources */ = {isa = PBXBuildFile; fileRef = A095BE9E2C6B963B00F6FE84 /* ContentView.swift */; };
		A095BEA12C6B963E00F6FE84 /* Assets.xcassets in Resources */ = {isa = PBXBuildFile; fileRef = A095BEA02C6B963E00F6FE84 /* Assets.xcassets */; };
		A095BEA42C6B963E00F6FE84 /* Preview Assets.xcassets in Resources */ = {isa = PBXBuildFile; fileRef = A095BEA32C6B963E00F6FE84 /* Preview Assets.xcassets */; };
		A095BEAB2C6B99A300F6FE84 /* ListRow.swift in Sources */ = {isa = PBXBuildFile; fileRef = A095BEAA2C6B99A300F6FE84 /* ListRow.swift */; };
		A095BEAD2C6CE8C800F6FE84 /* UserData.swift in Sources */ = {isa = PBXBuildFile; fileRef = A095BEAC2C6CE8C800F6FE84 /* UserData.swift */; };
		A095BEAF2C6CE99F00F6FE84 /* UserTask.swift in Sources */ = {isa = PBXBuildFile; fileRef = A095BEAE2C6CE99F00F6FE84 /* UserTask.swift */; };
/* End PBXBuildFile section */

/* Begin PBXFileReference section */
		A095BE992C6B963B00F6FE84 /* todo2App.app */ = {isa = PBXFileReference; explicitFileType = wrapper.application; includeInIndex = 0; path = todo2App.app; sourceTree = BUILT_PRODUCTS_DIR; };
		A095BE9C2C6B963B00F6FE84 /* todo2AppApp.swift */ = {isa = PBXFileReference; lastKnownFileType = sourcecode.swift; path = todo2AppApp.swift; sourceTree = "<group>"; };
		A095BE9E2C6B963B00F6FE84 /* ContentView.swift */ = {isa = PBXFileReference; lastKnownFileType = sourcecode.swift; path = ContentView.swift; sourceTree = "<group>"; };
		A095BEA02C6B963E00F6FE84 /* Assets.xcassets */ = {isa = PBXFileReference; lastKnownFileType = folder.assetcatalog; path = Assets.xcassets; sourceTree = "<group>"; };
		A095BEA32C6B963E00F6FE84 /* Preview Assets.xcassets */ = {isa = PBXFileReference; lastKnownFileType = folder.assetcatalog; path = "Preview Assets.xcassets"; sourceTree = "<group>"; };
		A095BEAA2C6B99A300F6FE84 /* ListRow.swift */ = {isa = PBXFileReference; lastKnownFileType = sourcecode.swift; path = ListRow.swift; sourceTree = "<group>"; };
		A095BEAC2C6CE8C800F6FE84 /* UserData.swift */ = {isa = PBXFileReference; lastKnownFileType = sourcecode.swift; path = UserData.swift; sourceTree = "<group>"; };
		A095BEAE2C6CE99F00F6FE84 /* UserTask.swift */ = {isa = PBXFileReference; lastKnownFileType = sourcecode.swift; path = UserTask.swift; sourceTree = "<group>"; };
/* End PBXFileReference section */

/* Begin PBXFrameworksBuildPhase section */
		A095BE962C6B963B00F6FE84 /* Frameworks */ = {
			isa = PBXFrameworksBuildPhase;
			buildActionMask = 2147483647;
			files = (
			);
			runOnlyForDeploymentPostprocessing = 0;
		};
/* End PBXFrameworksBuildPhase section */

/* Begin PBXGroup section */
		A095BE902C6B963B00F6FE84 = {
			isa = PBXGroup;
			children = (
				A095BE9B2C6B963B00F6FE84 /* todo2App */,
				A095BE9A2C6B963B00F6FE84 /* Products */,
			);
			sourceTree = "<group>";
		};
		A095BE9A2C6B963B00F6FE84 /* Products */ = {
			isa = PBXGroup;
			children = (
				A095BE992C6B963B00F6FE84 /* todo2App.app */,
			);
			name = Products;
			sourceTree = "<group>";
		};
		A095BE9B2C6B963B00F6FE84 /* todo2App */ = {
			isa = PBXGroup;
			children = (
				A095BE9C2C6B963B00F6FE84 /* todo2AppApp.swift */,
				A095BE9E2C6B963B00F6FE84 /* ContentView.swift */,
				A095BEAC2C6CE8C800F6FE84 /* UserData.swift */,
				A095BEAA2C6B99A300F6FE84 /* ListRow.swift */,
				A095BEAE2C6CE99F00F6FE84 /* UserTask.swift */,
				A095BEA02C6B963E00F6FE84 /* Assets.xcassets */,
				A095BEA22C6B963E00F6FE84 /* Preview Content */,
			);
			path = todo2App;
			sourceTree = "<group>";
		};
		A095BEA22C6B963E00F6FE84 /* Preview Content */ = {
			isa = PBXGroup;
			children = (
				A095BEA32C6B963E00F6FE84 /* Preview Assets.xcassets */,
			);
			path = "Preview Content";
			sourceTree = "<group>";
		};
/* End PBXGroup section */

/* Begin PBXNativeTarget section */
		A095BE982C6B963B00F6FE84 /* todo2App */ = {
			isa = PBXNativeTarget;
			buildConfigurationList = A095BEA72C6B963E00F6FE84 /* Build configuration list for PBXNativeTarget "todo2App" */;
			buildPhases = (
				A095BE952C6B963B00F6FE84 /* Sources */,
				A095BE962C6B963B00F6FE84 /* Frameworks */,
				A095BE972C6B963B00F6FE84 /* Resources */,
			);
			buildRules = (
			);
			dependencies = (
			);
			name = todo2App;
			productName = todo2App;
			productReference = A095BE992C6B963B00F6FE84 /* todo2App.app */;
			productType = "com.apple.product-type.application";
		};
/* End PBXNativeTarget section */

/* Begin PBXProject section */
		A095BE912C6B963B00F6FE84 /* Project object */ = {
			isa = PBXProject;
			attributes = {
				BuildIndependentTargetsInParallel = 1;
				LastSwiftUpdateCheck = 1540;
				LastUpgradeCheck = 1540;
				TargetAttributes = {
					A095BE982C6B963B00F6FE84 = {
						CreatedOnToolsVersion = 15.4;
					};
				};
			};
			buildConfigurationList = A095BE942C6B963B00F6FE84 /* Build configuration list for PBXProject "todo2App" */;
			compatibilityVersion = "Xcode 14.0";
			developmentRegion = en;
			hasScannedForEncodings = 0;
			knownRegions = (
				en,
				Base,
			);
			mainGroup = A095BE902C6B963B00F6FE84;
			productRefGroup = A095BE9A2C6B963B00F6FE84 /* Products */;
			projectDirPath = "";
			projectRoot = "";
			targets = (
				A095BE982C6B963B00F6FE84 /* todo2App */,
			);
		};
/* End PBXProject section */

/* Begin PBXResourcesBuildPhase section */
		A095BE972C6B963B00F6FE84 /* Resources */ = {
			isa = PBXResourcesBuildPhase;
			buildActionMask = 2147483647;
			files = (
				A095BEA42C6B963E00F6FE84 /* Preview Assets.xcassets in Resources */,
				A095BEA12C6B963E00F6FE84 /* Assets.xcassets in Resources */,
			);
			runOnlyForDeploymentPostprocessing = 0;
		};
/* End PBXResourcesBuildPhase section */

/* Begin PBXSourcesBuildPhase section */
		A095BE952C6B963B00F6FE84 /* Sources */ = {
			isa = PBXSourcesBuildPhase;
			buildActionMask = 2147483647;
			files = (
				A095BEAF2C6CE99F00F6FE84 /* UserTask.swift in Sources */,
				A095BE9F2C6B963B00F6FE84 /* ContentView.swift in Sources */,
				A095BE9D2C6B963B00F6FE84 /* todo2AppApp.swift in Sources */,
				A095BEAD2C6CE8C800F6FE84 /* UserData.swift in Sources */,
				A095BEAB2C6B99A300F6FE84 /* ListRow.swift in Sources */,
			);
			runOnlyForDeploymentPostprocessing = 0;
		};
/* End PBXSourcesBuildPhase section */

/* Begin XCBuildConfiguration section */
		A095BEA52C6B963E00F6FE84 /* Debug */ = {
			isa = XCBuildConfiguration;
			buildSettings = {
				ALWAYS_SEARCH_USER_PATHS = NO;
				ASSETCATALOG_COMPILER_GENERATE_SWIFT_ASSET_SYMBOL_EXTENSIONS = YES;
				CLANG_ANALYZER_NONNULL = YES;
				CLANG_ANALYZER_NUMBER_OBJECT_CONVERSION = YES_AGGRESSIVE;
				CLANG_CXX_LANGUAGE_STANDARD = "gnu++20";
				CLANG_ENABLE_MODULES = YES;
				CLANG_ENABLE_OBJC_ARC = YES;
				CLANG_ENABLE_OBJC_WEAK = YES;
				CLANG_WARN_BLOCK_CAPTURE_AUTORELEASING = YES;
				CLANG_WARN_BOOL_CONVERSION = YES;
				CLANG_WARN_COMMA = YES;
				CLANG_WARN_CONSTANT_CONVERSION = YES;
				CLANG_WARN_DEPRECATED_OBJC_IMPLEMENTATIONS = YES;
				CLANG_WARN_DIRECT_OBJC_ISA_USAGE = YES_ERROR;
				CLANG_WARN_DOCUMENTATION_COMMENTS = YES;
				CLANG_WARN_EMPTY_BODY = YES;
				CLANG_WARN_ENUM_CONVERSION = YES;
				CLANG_WARN_INFINITE_RECURSION = YES;
				CLANG_WARN_INT_CONVERSION = YES;
				CLANG_WARN_NON_LITERAL_NULL_CONVERSION = YES;
				CLANG_WARN_OBJC_IMPLICIT_RETAIN_SELF = YES;
				CLANG_WARN_OBJC_LITERAL_CONVERSION = YES;
				CLANG_WARN_OBJC_ROOT_CLASS = YES_ERROR;
				CLANG_WARN_QUOTED_INCLUDE_IN_FRAMEWORK_HEADER = YES;
				CLANG_WARN_RANGE_LOOP_ANALYSIS = YES;
				CLANG_WARN_STRICT_PROTOTYPES = YES;
				CLANG_WARN_SUSPICIOUS_MOVE = YES;
				CLANG_WARN_UNGUARDED_AVAILABILITY = YES_AGGRESSIVE;
				CLANG_WARN_UNREACHABLE_CODE = YES;
				CLANG_WARN__DUPLICATE_METHOD_MATCH = YES;
				COPY_PHASE_STRIP = NO;
				DEBUG_INFORMATION_FORMAT = dwarf;
				ENABLE_STRICT_OBJC_MSGSEND = YES;
				ENABLE_TESTABILITY = YES;
				ENABLE_USER_SCRIPT_SANDBOXING = YES;
				GCC_C_LANGUAGE_STANDARD = gnu17;
				GCC_DYNAMIC_NO_PIC = NO;
				GCC_NO_COMMON_BLOCKS = YES;
				GCC_OPTIMIZATION_LEVEL = 0;
				GCC_PREPROCESSOR_DEFINITIONS = (
					"DEBUG=1",
					"$(inherited)",
				);
				GCC_WARN_64_TO_32_BIT_CONVERSION = YES;
				GCC_WARN_ABOUT_RETURN_TYPE = YES_ERROR;
				GCC_WARN_UNDECLARED_SELECTOR = YES;
				GCC_WARN_UNINITIALIZED_AUTOS = YES_AGGRESSIVE;
				GCC_WARN_UNUSED_FUNCTION = YES;
				GCC_WARN_UNUSED_VARIABLE = YES;
				IPHONEOS_DEPLOYMENT_TARGET = 17.5;
				LOCALIZATION_PREFERS_STRING_CATALOGS = YES;
				MTL_ENABLE_DEBUG_INFO = INCLUDE_SOURCE;
				MTL_FAST_MATH = YES;
				ONLY_ACTIVE_ARCH = YES;
				SDKROOT = iphoneos;
				SWIFT_ACTIVE_COMPILATION_CONDITIONS = "DEBUG $(inherited)";
				SWIFT_OPTIMIZATION_LEVEL = "-Onone";
			};
			name = Debug;
		};
		A095BEA62C6B963E00F6FE84 /* Release */ = {
			isa = XCBuildConfiguration;
			buildSettings = {
				ALWAYS_SEARCH_USER_PATHS = NO;
				ASSETCATALOG_COMPILER_GENERATE_SWIFT_ASSET_SYMBOL_EXTENSIONS = YES;
				CLANG_ANALYZER_NONNULL = YES;
				CLANG_ANALYZER_NUMBER_OBJECT_CONVERSION = YES_AGGRESSIVE;
				CLANG_CXX_LANGUAGE_STANDARD = "gnu++20";
				CLANG_ENABLE_MODULES = YES;
				CLANG_ENABLE_OBJC_ARC = YES;
				CLANG_ENABLE_OBJC_WEAK = YES;
				CLANG_WARN_BLOCK_CAPTURE_AUTORELEASING = YES;
				CLANG_WARN_BOOL_CONVERSION = YES;
				CLANG_WARN_COMMA = YES;
				CLANG_WARN_CONSTANT_CONVERSION = YES;
				CLANG_WARN_DEPRECATED_OBJC_IMPLEMENTATIONS = YES;
				CLANG_WARN_DIRECT_OBJC_ISA_USAGE = YES_ERROR;
				CLANG_WARN_DOCUMENTATION_COMMENTS = YES;
				CLANG_WARN_EMPTY_BODY = YES;
				CLANG_WARN_ENUM_CONVERSION = YES;
				CLANG_WARN_INFINITE_RECURSION = YES;
				CLANG_WARN_INT_CONVERSION = YES;
				CLANG_WARN_NON_LITERAL_NULL_CONVERSION = YES;
				CLANG_WARN_OBJC_IMPLICIT_RETAIN_SELF = YES;
				CLANG_WARN_OBJC_LITERAL_CONVERSION = YES;
				CLANG_WARN_OBJC_ROOT_CLASS = YES_ERROR;
				CLANG_WARN_QUOTED_INCLUDE_IN_FRAMEWORK_HEADER = YES;
				CLANG_WARN_RANGE_LOOP_ANALYSIS = YES;
				CLANG_WARN_STRICT_PROTOTYPES = YES;
				CLANG_WARN_SUSPICIOUS_MOVE = YES;
				CLANG_WARN_UNGUARDED_AVAILABILITY = YES_AGGRESSIVE;
				CLANG_WARN_UNREACHABLE_CODE = YES;
				CLANG_WARN__DUPLICATE_METHOD_MATCH = YES;
				COPY_PHASE_STRIP = NO;
				DEBUG_INFORMATION_FORMAT = "dwarf-with-dsym";
				ENABLE_NS_ASSERTIONS = NO;
				ENABLE_STRICT_OBJC_MSGSEND = YES;
				ENABLE_USER_SCRIPT_SANDBOXING = YES;
				GCC_C_LANGUAGE_STANDARD = gnu17;
				GCC_NO_COMMON_BLOCKS = YES;
				GCC_WARN_64_TO_32_BIT_CONVERSION = YES;
				GCC_WARN_ABOUT_RETURN_TYPE = YES_ERROR;
				GCC_WARN_UNDECLARED_SELECTOR = YES;
				GCC_WARN_UNINITIALIZED_AUTOS = YES_AGGRESSIVE;
				GCC_WARN_UNUSED_FUNCTION = YES;
				GCC_WARN_UNUSED_VARIABLE = YES;
				IPHONEOS_DEPLOYMENT_TARGET = 17.5;
				LOCALIZATION_PREFERS_STRING_CATALOGS = YES;
				MTL_ENABLE_DEBUG_INFO = NO;
				MTL_FAST_MATH = YES;
				SDKROOT = iphoneos;
				SWIFT_COMPILATION_MODE = wholemodule;
				VALIDATE_PRODUCT = YES;
			};
			name = Release;
		};
		A095BEA82C6B963E00F6FE84 /* Debug */ = {
			isa = XCBuildConfiguration;
			buildSettings = {
				ASSETCATALOG_COMPILER_APPICON_NAME = AppIcon;
				ASSETCATALOG_COMPILER_GLOBAL_ACCENT_COLOR_NAME = AccentColor;
				CODE_SIGN_STYLE = Automatic;
				CURRENT_PROJECT_VERSION = 1;
				DEVELOPMENT_ASSET_PATHS = "\"todo2App/Preview Content\"";
				DEVELOPMENT_TEAM = XCAHYBH783;
				ENABLE_PREVIEWS = YES;
				GENERATE_INFOPLIST_FILE = YES;
				INFOPLIST_KEY_UIApplicationSceneManifest_Generation = YES;
				INFOPLIST_KEY_UIApplicationSupportsIndirectInputEvents = YES;
				INFOPLIST_KEY_UILaunchScreen_Generation = YES;
				INFOPLIST_KEY_UISupportedInterfaceOrientations_iPad = "UIInterfaceOrientationPortrait UIInterfaceOrientationPortraitUpsideDown UIInterfaceOrientationLandscapeLeft UIInterfaceOrientationLandscapeRight";
				INFOPLIST_KEY_UISupportedInterfaceOrientations_iPhone = "UIInterfaceOrientationPortrait UIInterfaceOrientationLandscapeLeft UIInterfaceOrientationLandscapeRight";
				LD_RUNPATH_SEARCH_PATHS = (
					"$(inherited)",
					"@executable_path/Frameworks",
				);
				MARKETING_VERSION = 1.0;
				PRODUCT_BUNDLE_IDENTIFIER = Komiya3460.todo2App;
				PRODUCT_NAME = "$(TARGET_NAME)";
				SWIFT_EMIT_LOC_STRINGS = YES;
				SWIFT_VERSION = 5.0;
				TARGETED_DEVICE_FAMILY = "1,2";
			};
			name = Debug;
		};
		A095BEA92C6B963E00F6FE84 /* Release */ = {
			isa = XCBuildConfiguration;
			buildSettings = {
				ASSETCATALOG_COMPILER_APPICON_NAME = AppIcon;
				ASSETCATALOG_COMPILER_GLOBAL_ACCENT_COLOR_NAME = AccentColor;
				CODE_SIGN_STYLE = Automatic;
				CURRENT_PROJECT_VERSION = 1;
				DEVELOPMENT_ASSET_PATHS = "\"todo2App/Preview Content\"";
				DEVELOPMENT_TEAM = XCAHYBH783;
				ENABLE_PREVIEWS = YES;
				GENERATE_INFOPLIST_FILE = YES;
				INFOPLIST_KEY_UIApplicationSceneManifest_Generation = YES;
				INFOPLIST_KEY_UIApplicationSupportsIndirectInputEvents = YES;
				INFOPLIST_KEY_UILaunchScreen_Generation = YES;
				INFOPLIST_KEY_UISupportedInterfaceOrientations_iPad = "UIInterfaceOrientationPortrait UIInterfaceOrientationPortraitUpsideDown UIInterfaceOrientationLandscapeLeft UIInterfaceOrientationLandscapeRight";
				INFOPLIST_KEY_UISupportedInterfaceOrientations_iPhone = "UIInterfaceOrientationPortrait UIInterfaceOrientationLandscapeLeft UIInterfaceOrientationLandscapeRight";
				LD_RUNPATH_SEARCH_PATHS = (
					"$(inherited)",
					"@executable_path/Frameworks",
				);
				MARKETING_VERSION = 1.0;
				PRODUCT_BUNDLE_IDENTIFIER = Komiya3460.todo2App;
				PRODUCT_NAME = "$(TARGET_NAME)";
				SWIFT_EMIT_LOC_STRINGS = YES;
				SWIFT_VERSION = 5.0;
				TARGETED_DEVICE_FAMILY = "1,2";
			};
			name = Release;
		};
/* End XCBuildConfiguration section */

/* Begin XCConfigurationList section */
		A095BE942C6B963B00F6FE84 /* Build configuration list for PBXProject "todo2App" */ = {
			isa = XCConfigurationList;
			buildConfigurations = (
				A095BEA52C6B963E00F6FE84 /* Debug */,
				A095BEA62C6B963E00F6FE84 /* Release */,
			);
			defaultConfigurationIsVisible = 0;
			defaultConfigurationName = Release;
		};
		A095BEA72C6B963E00F6FE84 /* Build configuration list for PBXNativeTarget "todo2App" */ = {
			isa = XCConfigurationList;
			buildConfigurations = (
				A095BEA82C6B963E00F6FE84 /* Debug */,
				A095BEA92C6B963E00F6FE84 /* Release */,
			);
			defaultConfigurationIsVisible = 0;
			defaultConfigurationName = Release;
		};
/* End XCConfigurationList section */
	};
	rootObject = A095BE912C6B963B00F6FE84 /* Project object */;
}
